// !$*UTF8*$!
{
	archiveVersion = 1;
	classes = {
	};
	objectVersion = 50;
	objects = {

/* Begin PBXBuildFile section */
		579777AE245B506D000AE912 /* MainScreenViewController.swift in Sources */ = {isa = PBXBuildFile; fileRef = 579777AD245B506D000AE912 /* MainScreenViewController.swift */; };
		579777B0245B52A0000AE912 /* MainScreenComposer.swift in Sources */ = {isa = PBXBuildFile; fileRef = 579777AF245B52A0000AE912 /* MainScreenComposer.swift */; };
		579777B2245B52DC000AE912 /* MainScreenPresenter.swift in Sources */ = {isa = PBXBuildFile; fileRef = 579777B1245B52DC000AE912 /* MainScreenPresenter.swift */; };
		57A09D8B245EA659003FC1D9 /* SOLID.readme in Sources */ = {isa = PBXBuildFile; fileRef = 57A09D8A245EA659003FC1D9 /* SOLID.readme */; };
		57A09D8D245EAA4A003FC1D9 /* MainScreenPresentation.swift in Sources */ = {isa = PBXBuildFile; fileRef = 57A09D8C245EAA4A003FC1D9 /* MainScreenPresentation.swift */; };
		57A09D8F245EAA6F003FC1D9 /* MainScreenViewable.swift in Sources */ = {isa = PBXBuildFile; fileRef = 57A09D8E245EAA6F003FC1D9 /* MainScreenViewable.swift */; };
		57C6D51624588D020009F842 /* AppDelegate.swift in Sources */ = {isa = PBXBuildFile; fileRef = 57C6D51524588D020009F842 /* AppDelegate.swift */; };
		57C6D51D24588D020009F842 /* Main.storyboard in Resources */ = {isa = PBXBuildFile; fileRef = 57C6D51B24588D020009F842 /* Main.storyboard */; };
		57C6D52224588D030009F842 /* LaunchScreen.storyboard in Resources */ = {isa = PBXBuildFile; fileRef = 57C6D52024588D030009F842 /* LaunchScreen.storyboard */; };
/* End PBXBuildFile section */

/* Begin PBXFileReference section */
		579777AD245B506D000AE912 /* MainScreenViewController.swift */ = {isa = PBXFileReference; lastKnownFileType = sourcecode.swift; path = MainScreenViewController.swift; sourceTree = "<group>"; };
		579777AF245B52A0000AE912 /* MainScreenComposer.swift */ = {isa = PBXFileReference; lastKnownFileType = sourcecode.swift; path = MainScreenComposer.swift; sourceTree = "<group>"; };
		579777B1245B52DC000AE912 /* MainScreenPresenter.swift */ = {isa = PBXFileReference; lastKnownFileType = sourcecode.swift; path = MainScreenPresenter.swift; sourceTree = "<group>"; };
		57A09D8A245EA659003FC1D9 /* SOLID.readme */ = {isa = PBXFileReference; lastKnownFileType = text; path = SOLID.readme; sourceTree = "<group>"; };
		57A09D8C245EAA4A003FC1D9 /* MainScreenPresentation.swift */ = {isa = PBXFileReference; lastKnownFileType = sourcecode.swift; path = MainScreenPresentation.swift; sourceTree = "<group>"; };
		57A09D8E245EAA6F003FC1D9 /* MainScreenViewable.swift */ = {isa = PBXFileReference; lastKnownFileType = sourcecode.swift; path = MainScreenViewable.swift; sourceTree = "<group>"; };
		57C6D51224588D020009F842 /* WeakifyAdapterExample.app */ = {isa = PBXFileReference; explicitFileType = wrapper.application; includeInIndex = 0; path = WeakifyAdapterExample.app; sourceTree = BUILT_PRODUCTS_DIR; };
		57C6D51524588D020009F842 /* AppDelegate.swift */ = {isa = PBXFileReference; lastKnownFileType = sourcecode.swift; path = AppDelegate.swift; sourceTree = "<group>"; };
		57C6D51C24588D020009F842 /* Base */ = {isa = PBXFileReference; lastKnownFileType = file.storyboard; name = Base; path = Base.lproj/Main.storyboard; sourceTree = "<group>"; };
		57C6D52124588D030009F842 /* Base */ = {isa = PBXFileReference; lastKnownFileType = file.storyboard; name = Base; path = Base.lproj/LaunchScreen.storyboard; sourceTree = "<group>"; };
		57C6D52324588D030009F842 /* Info.plist */ = {isa = PBXFileReference; lastKnownFileType = text.plist.xml; path = Info.plist; sourceTree = "<group>"; };
/* End PBXFileReference section */

/* Begin PBXFrameworksBuildPhase section */
		57C6D50F24588D020009F842 /* Frameworks */ = {
			isa = PBXFrameworksBuildPhase;
			buildActionMask = 2147483647;
			files = (
			);
			runOnlyForDeploymentPostprocessing = 0;
		};
/* End PBXFrameworksBuildPhase section */

/* Begin PBXGroup section */
		579777AB245B4F55000AE912 /* Example */ = {
			isa = PBXGroup;
			children = (
				579777AF245B52A0000AE912 /* MainScreenComposer.swift */,
				579777B1245B52DC000AE912 /* MainScreenPresenter.swift */,
				579777AD245B506D000AE912 /* MainScreenViewController.swift */,
				57A09D8A245EA659003FC1D9 /* SOLID.readme */,
				57A09D8C245EAA4A003FC1D9 /* MainScreenPresentation.swift */,
				57A09D8E245EAA6F003FC1D9 /* MainScreenViewable.swift */,
			);
			path = Example;
			sourceTree = "<group>";
		};
		579777AC245B4FA0000AE912 /* Application */ = {
			isa = PBXGroup;
			children = (
				57C6D51B24588D020009F842 /* Main.storyboard */,
				57C6D52024588D030009F842 /* LaunchScreen.storyboard */,
				57C6D52324588D030009F842 /* Info.plist */,
				57C6D51524588D020009F842 /* AppDelegate.swift */,
			);
			name = Application;
			path = WeakifyAdapterExample;
			sourceTree = "<group>";
		};
		57C6D50924588D020009F842 = {
			isa = PBXGroup;
			children = (
				579777AB245B4F55000AE912 /* Example */,
				579777AC245B4FA0000AE912 /* Application */,
				57C6D51324588D020009F842 /* Products */,
			);
			sourceTree = "<group>";
		};
		57C6D51324588D020009F842 /* Products */ = {
			isa = PBXGroup;
			children = (
				57C6D51224588D020009F842 /* WeakifyAdapterExample.app */,
			);
			name = Products;
			sourceTree = "<group>";
		};
/* End PBXGroup section */

/* Begin PBXNativeTarget section */
		57C6D51124588D020009F842 /* WeakifyAdapterExample */ = {
			isa = PBXNativeTarget;
			buildConfigurationList = 57C6D52624588D030009F842 /* Build configuration list for PBXNativeTarget "WeakifyAdapterExample" */;
			buildPhases = (
				57C6D50E24588D020009F842 /* Sources */,
				57C6D50F24588D020009F842 /* Frameworks */,
				57C6D51024588D020009F842 /* Resources */,
			);
			buildRules = (
			);
			dependencies = (
			);
			name = WeakifyAdapterExample;
			productName = WeakifyAdapterExample;
			productReference = 57C6D51224588D020009F842 /* WeakifyAdapterExample.app */;
			productType = "com.apple.product-type.application";
		};
/* End PBXNativeTarget section */

/* Begin PBXProject section */
		57C6D50A24588D020009F842 /* Project object */ = {
			isa = PBXProject;
			attributes = {
				LastSwiftUpdateCheck = 1120;
				LastUpgradeCheck = 1120;
				ORGANIZATIONNAME = VictorKurinny;
				TargetAttributes = {
					57C6D51124588D020009F842 = {
						CreatedOnToolsVersion = 11.2.1;
					};
				};
			};
			buildConfigurationList = 57C6D50D24588D020009F842 /* Build configuration list for PBXProject "WeakifyAdapterExample" */;
			compatibilityVersion = "Xcode 9.3";
			developmentRegion = en;
			hasScannedForEncodings = 0;
			knownRegions = (
				en,
				Base,
			);
			mainGroup = 57C6D50924588D020009F842;
			productRefGroup = 57C6D51324588D020009F842 /* Products */;
			projectDirPath = "";
			projectRoot = "";
			targets = (
				57C6D51124588D020009F842 /* WeakifyAdapterExample */,
			);
		};
/* End PBXProject section */

/* Begin PBXResourcesBuildPhase section */
		57C6D51024588D020009F842 /* Resources */ = {
			isa = PBXResourcesBuildPhase;
			buildActionMask = 2147483647;
			files = (
				57C6D52224588D030009F842 /* LaunchScreen.storyboard in Resources */,
				57C6D51D24588D020009F842 /* Main.storyboard in Resources */,
			);
			runOnlyForDeploymentPostprocessing = 0;
		};
/* End PBXResourcesBuildPhase section */

/* Begin PBXSourcesBuildPhase section */
		57C6D50E24588D020009F842 /* Sources */ = {
			isa = PBXSourcesBuildPhase;
			buildActionMask = 2147483647;
			files = (
				579777B0245B52A0000AE912 /* MainScreenComposer.swift in Sources */,
				57A09D8F245EAA6F003FC1D9 /* MainScreenViewable.swift in Sources */,
				57A09D8B245EA659003FC1D9 /* SOLID.readme in Sources */,
				57A09D8D245EAA4A003FC1D9 /* MainScreenPresentation.swift in Sources */,
				579777B2245B52DC000AE912 /* MainScreenPresenter.swift in Sources */,
				579777AE245B506D000AE912 /* MainScreenViewController.swift in Sources */,
				57C6D51624588D020009F842 /* AppDelegate.swift in Sources */,
			);
			runOnlyForDeploymentPostprocessing = 0;
		};
/* End PBXSourcesBuildPhase section */

/* Begin PBXVariantGroup section */
		57C6D51B24588D020009F842 /* Main.storyboard */ = {
			isa = PBXVariantGroup;
			children = (
				57C6D51C24588D020009F842 /* Base */,
			);
			name = Main.storyboard;
			sourceTree = "<group>";
		};
		57C6D52024588D030009F842 /* LaunchScreen.storyboard */ = {
			isa = PBXVariantGroup;
			children = (
				57C6D52124588D030009F842 /* Base */,
			);
			name = LaunchScreen.storyboard;
			sourceTree = "<group>";
		};
/* End PBXVariantGroup section */

/* Begin XCBuildConfiguration section */
		57C6D52424588D030009F842 /* Debug */ = {
			isa = XCBuildConfiguration;
			buildSettings = {
				ALWAYS_SEARCH_USER_PATHS = NO;
				CLANG_ANALYZER_NONNULL = YES;
				CLANG_ANALYZER_NUMBER_OBJECT_CONVERSION = YES_AGGRESSIVE;
				CLANG_CXX_LANGUAGE_STANDARD = "gnu++14";
				CLANG_CXX_LIBRARY = "libc++";
				CLANG_ENABLE_MODULES = YES;
				CLANG_ENABLE_OBJC_ARC = YES;
				CLANG_ENABLE_OBJC_WEAK = YES;
				CLANG_WARN_BLOCK_CAPTURE_AUTORELEASING = YES;
				CLANG_WARN_BOOL_CONVERSION = YES;
				CLANG_WARN_COMMA = YES;
				CLANG_WARN_CONSTANT_CONVERSION = YES;
				CLANG_WARN_DEPRECATED_OBJC_IMPLEMENTATIONS = YES;
				CLANG_WARN_DIRECT_OBJC_ISA_USAGE = YES_ERROR;
				CLANG_WARN_DOCUMENTATION_COMMENTS = YES;
				CLANG_WARN_EMPTY_BODY = YES;
				CLANG_WARN_ENUM_CONVERSION = YES;
				CLANG_WARN_INFINITE_RECURSION = YES;
				CLANG_WARN_INT_CONVERSION = YES;
				CLANG_WARN_NON_LITERAL_NULL_CONVERSION = YES;
				CLANG_WARN_OBJC_IMPLICIT_RETAIN_SELF = YES;
				CLANG_WARN_OBJC_LITERAL_CONVERSION = YES;
				CLANG_WARN_OBJC_ROOT_CLASS = YES_ERROR;
				CLANG_WARN_RANGE_LOOP_ANALYSIS = YES;
				CLANG_WARN_STRICT_PROTOTYPES = YES;
				CLANG_WARN_SUSPICIOUS_MOVE = YES;
				CLANG_WARN_UNGUARDED_AVAILABILITY = YES_AGGRESSIVE;
				CLANG_WARN_UNREACHABLE_CODE = YES;
				CLANG_WARN__DUPLICATE_METHOD_MATCH = YES;
				COPY_PHASE_STRIP = NO;
				DEBUG_INFORMATION_FORMAT = dwarf;
				ENABLE_STRICT_OBJC_MSGSEND = YES;
				ENABLE_TESTABILITY = YES;
				GCC_C_LANGUAGE_STANDARD = gnu11;
				GCC_DYNAMIC_NO_PIC = NO;
				GCC_NO_COMMON_BLOCKS = YES;
				GCC_OPTIMIZATION_LEVEL = 0;
				GCC_PREPROCESSOR_DEFINITIONS = (
					"DEBUG=1",
					"$(inherited)",
				);
				GCC_WARN_64_TO_32_BIT_CONVERSION = YES;
				GCC_WARN_ABOUT_RETURN_TYPE = YES_ERROR;
				GCC_WARN_UNDECLARED_SELECTOR = YES;
				GCC_WARN_UNINITIALIZED_AUTOS = YES_AGGRESSIVE;
				GCC_WARN_UNUSED_FUNCTION = YES;
				GCC_WARN_UNUSED_VARIABLE = YES;
				IPHONEOS_DEPLOYMENT_TARGET = 13.2;
				MTL_ENABLE_DEBUG_INFO = INCLUDE_SOURCE;
				MTL_FAST_MATH = YES;
				ONLY_ACTIVE_ARCH = YES;
				SDKROOT = iphoneos;
				SWIFT_ACTIVE_COMPILATION_CONDITIONS = DEBUG;
				SWIFT_OPTIMIZATION_LEVEL = "-Onone";
			};
			name = Debug;
		};
		57C6D52524588D030009F842 /* Release */ = {
			isa = XCBuildConfiguration;
			buildSettings = {
				ALWAYS_SEARCH_USER_PATHS = NO;
				CLANG_ANALYZER_NONNULL = YES;
				CLANG_ANALYZER_NUMBER_OBJECT_CONVERSION = YES_AGGRESSIVE;
				CLANG_CXX_LANGUAGE_STANDARD = "gnu++14";
				CLANG_CXX_LIBRARY = "libc++";
				CLANG_ENABLE_MODULES = YES;
				CLANG_ENABLE_OBJC_ARC = YES;
				CLANG_ENABLE_OBJC_WEAK = YES;
				CLANG_WARN_BLOCK_CAPTURE_AUTORELEASING = YES;
				CLANG_WARN_BOOL_CONVERSION = YES;
				CLANG_WARN_COMMA = YES;
				CLANG_WARN_CONSTANT_CONVERSION = YES;
				CLANG_WARN_DEPRECATED_OBJC_IMPLEMENTATIONS = YES;
				CLANG_WARN_DIRECT_OBJC_ISA_USAGE = YES_ERROR;
				CLANG_WARN_DOCUMENTATION_COMMENTS = YES;
				CLANG_WARN_EMPTY_BODY = YES;
				CLANG_WARN_ENUM_CONVERSION = YES;
				CLANG_WARN_INFINITE_RECURSION = YES;
				CLANG_WARN_INT_CONVERSION = YES;
				CLANG_WARN_NON_LITERAL_NULL_CONVERSION = YES;
				CLANG_WARN_OBJC_IMPLICIT_RETAIN_SELF = YES;
				CLANG_WARN_OBJC_LITERAL_CONVERSION = YES;
				CLANG_WARN_OBJC_ROOT_CLASS = YES_ERROR;
				CLANG_WARN_RANGE_LOOP_ANALYSIS = YES;
				CLANG_WARN_STRICT_PROTOTYPES = YES;
				CLANG_WARN_SUSPICIOUS_MOVE = YES;
				CLANG_WARN_UNGUARDED_AVAILABILITY = YES_AGGRESSIVE;
				CLANG_WARN_UNREACHABLE_CODE = YES;
				CLANG_WARN__DUPLICATE_METHOD_MATCH = YES;
				COPY_PHASE_STRIP = NO;
				DEBUG_INFORMATION_FORMAT = "dwarf-with-dsym";
				ENABLE_NS_ASSERTIONS = NO;
				ENABLE_STRICT_OBJC_MSGSEND = YES;
				GCC_C_LANGUAGE_STANDARD = gnu11;
				GCC_NO_COMMON_BLOCKS = YES;
				GCC_WARN_64_TO_32_BIT_CONVERSION = YES;
				GCC_WARN_ABOUT_RETURN_TYPE = YES_ERROR;
				GCC_WARN_UNDECLARED_SELECTOR = YES;
				GCC_WARN_UNINITIALIZED_AUTOS = YES_AGGRESSIVE;
				GCC_WARN_UNUSED_FUNCTION = YES;
				GCC_WARN_UNUSED_VARIABLE = YES;
				IPHONEOS_DEPLOYMENT_TARGET = 13.2;
				MTL_ENABLE_DEBUG_INFO = NO;
				MTL_FAST_MATH = YES;
				SDKROOT = iphoneos;
				SWIFT_COMPILATION_MODE = wholemodule;
				SWIFT_OPTIMIZATION_LEVEL = "-O";
				VALIDATE_PRODUCT = YES;
			};
			name = Release;
		};
		57C6D52724588D030009F842 /* Debug */ = {
			isa = XCBuildConfiguration;
			buildSettings = {
				ASSETCATALOG_COMPILER_APPICON_NAME = AppIcon;
				CODE_SIGN_STYLE = Automatic;
				INFOPLIST_FILE = WeakifyAdapterExample/Info.plist;
				LD_RUNPATH_SEARCH_PATHS = (
					"$(inherited)",
					"@executable_path/Frameworks",
				);
				PRODUCT_BUNDLE_IDENTIFIER = "com.victor-kurinny.WeakifyAdapterExample";
				PRODUCT_NAME = "$(TARGET_NAME)";
				SWIFT_VERSION = 5.0;
				TARGETED_DEVICE_FAMILY = "1,2";
			};
			name = Debug;
		};
		57C6D52824588D030009F842 /* Release */ = {
			isa = XCBuildConfiguration;
			buildSettings = {
				ASSETCATALOG_COMPILER_APPICON_NAME = AppIcon;
				CODE_SIGN_STYLE = Automatic;
				INFOPLIST_FILE = WeakifyAdapterExample/Info.plist;
				LD_RUNPATH_SEARCH_PATHS = (
					"$(inherited)",
					"@executable_path/Frameworks",
				);
				PRODUCT_BUNDLE_IDENTIFIER = "com.victor-kurinny.WeakifyAdapterExample";
				PRODUCT_NAME = "$(TARGET_NAME)";
				SWIFT_VERSION = 5.0;
				TARGETED_DEVICE_FAMILY = "1,2";
			};
			name = Release;
		};
/* End XCBuildConfiguration section */

/* Begin XCConfigurationList section */
		57C6D50D24588D020009F842 /* Build configuration list for PBXProject "WeakifyAdapterExample" */ = {
			isa = XCConfigurationList;
			buildConfigurations = (
				57C6D52424588D030009F842 /* Debug */,
				57C6D52524588D030009F842 /* Release */,
			);
			defaultConfigurationIsVisible = 0;
			defaultConfigurationName = Release;
		};
		57C6D52624588D030009F842 /* Build configuration list for PBXNativeTarget "WeakifyAdapterExample" */ = {
			isa = XCConfigurationList;
			buildConfigurations = (
				57C6D52724588D030009F842 /* Debug */,
				57C6D52824588D030009F842 /* Release */,
			);
			defaultConfigurationIsVisible = 0;
			defaultConfigurationName = Release;
		};
/* End XCConfigurationList section */
	};
	rootObject = 57C6D50A24588D020009F842 /* Project object */;
}
